
Microsoft Visual Studio Solution File, Format Version 12.00
# Visual Studio Version 16
VisualStudioVersion = 16.0.29709.97
MinimumVisualStudioVersion = 10.0.40219.1
Project("{FAE04EC0-301F-11D3-BF4B-00C04F79EFBC}") = "TasksManagement_3.0", "TasksManagement_3.0\TasksManagement_3.0.csproj", "{D1D2DB4F-7278-4AF5-84D7-10E5E6839A0D}"
EndProject
Global
	GlobalSection(SolutionConfigurationPlatforms) = preSolution
		Debug|Any CPU = Debug|Any CPU
		Release|Any CPU = Release|Any CPU
	EndGlobalSection
	GlobalSection(ProjectConfigurationPlatforms) = postSolution
		{D1D2DB4F-7278-4AF5-84D7-10E5E6839A0D}.Debug|Any CPU.ActiveCfg = Debug|Any CPU
		{D1D2DB4F-7278-4AF5-84D7-10E5E6839A0D}.Debug|Any CPU.Build.0 = Debug|Any CPU
		{D1D2DB4F-7278-4AF5-84D7-10E5E6839A0D}.Release|Any CPU.ActiveCfg = Release|Any CPU
		{D1D2DB4F-7278-4AF5-84D7-10E5E6839A0D}.Release|Any CPU.Build.0 = Release|Any CPU
	EndGlobalSection
	GlobalSection(SolutionProperties) = preSolution
		HideSolutionNode = FALSE
	EndGlobalSection
	GlobalSection(ExtensibilityGlobals) = postSolution
		SolutionGuid = {1CFCB3E6-DEA4-4970-BB36-C81A369675F0}
	EndGlobalSection
EndGlobal
